
Microsoft Visual Studio Solution File, Format Version 12.00
# Visual Studio 15
VisualStudioVersion = 15.0.26730.16
MinimumVisualStudioVersion = 10.0.40219.1
Project("{FAE04EC0-301F-11D3-BF4B-00C04F79EFBC}") = "OtelOtomasyonu.WinFormUI", "OtelOtomasyonu.WinFormUI\OtelOtomasyonu.WinFormUI.csproj", "{A1E21F94-7B03-4938-B8AE-09D8FEB78C74}"
EndProject
Project("{FAE04EC0-301F-11D3-BF4B-00C04F79EFBC}") = "OtelOtomasyonu.ORM", "OtelOtomasyonu.ORM\OtelOtomasyonu.ORM.csproj", "{85E624A2-9BAD-407B-9C4B-8C484F7F979C}"
EndProject
Global
	GlobalSection(SolutionConfigurationPlatforms) = preSolution
		Debug|Any CPU = Debug|Any CPU
		Release|Any CPU = Release|Any CPU
	EndGlobalSection
	GlobalSection(ProjectConfigurationPlatforms) = postSolution
		{A1E21F94-7B03-4938-B8AE-09D8FEB78C74}.Debug|Any CPU.ActiveCfg = Debug|Any CPU
		{A1E21F94-7B03-4938-B8AE-09D8FEB78C74}.Debug|Any CPU.Build.0 = Debug|Any CPU
		{A1E21F94-7B03-4938-B8AE-09D8FEB78C74}.Release|Any CPU.ActiveCfg = Release|Any CPU
		{A1E21F94-7B03-4938-B8AE-09D8FEB78C74}.Release|Any CPU.Build.0 = Release|Any CPU
		{85E624A2-9BAD-407B-9C4B-8C484F7F979C}.Debug|Any CPU.ActiveCfg = Debug|Any CPU
		{85E624A2-9BAD-407B-9C4B-8C484F7F979C}.Debug|Any CPU.Build.0 = Debug|Any CPU
		{85E624A2-9BAD-407B-9C4B-8C484F7F979C}.Release|Any CPU.ActiveCfg = Release|Any CPU
		{85E624A2-9BAD-407B-9C4B-8C484F7F979C}.Release|Any CPU.Build.0 = Release|Any CPU
	EndGlobalSection
	GlobalSection(SolutionProperties) = preSolution
		HideSolutionNode = FALSE
	EndGlobalSection
	GlobalSection(ExtensibilityGlobals) = postSolution
		SolutionGuid = {684188C5-2E23-4B2B-BE06-653EE6EC894A}
	EndGlobalSection
EndGlobal
